
Microsoft Visual Studio Solution File, Format Version 12.00
# Visual Studio Version 16
VisualStudioVersion = 16.0.31105.61
MinimumVisualStudioVersion = 10.0.40219.1
Project("{9A19103F-16F7-4668-BE54-9A1E7A4F7556}") = "AEDigital.Provider.API", "AEDigital.Provider.API\AEDigital.Provider.API.csproj", "{EB2C92CA-B340-47B6-901E-F54FFB40C529}"
EndProject
Global
	GlobalSection(SolutionConfigurationPlatforms) = preSolution
		Debug|Any CPU = Debug|Any CPU
		Release|Any CPU = Release|Any CPU
	EndGlobalSection
	GlobalSection(ProjectConfigurationPlatforms) = postSolution
		{EB2C92CA-B340-47B6-901E-F54FFB40C529}.Debug|Any CPU.ActiveCfg = Debug|Any CPU
		{EB2C92CA-B340-47B6-901E-F54FFB40C529}.Debug|Any CPU.Build.0 = Debug|Any CPU
		{EB2C92CA-B340-47B6-901E-F54FFB40C529}.Release|Any CPU.ActiveCfg = Release|Any CPU
		{EB2C92CA-B340-47B6-901E-F54FFB40C529}.Release|Any CPU.Build.0 = Release|Any CPU
	EndGlobalSection
	GlobalSection(SolutionProperties) = preSolution
		HideSolutionNode = FALSE
	EndGlobalSection
	GlobalSection(ExtensibilityGlobals) = postSolution
		SolutionGuid = {ED7DC1DF-4EC8-46F2-B9F5-C936765319C2}
	EndGlobalSection
EndGlobal
