
Microsoft Visual Studio Solution File, Format Version 12.00
# Visual Studio Version 16
VisualStudioVersion = 16.0.31205.134
MinimumVisualStudioVersion = 10.0.40219.1
Project("{9A19103F-16F7-4668-BE54-9A1E7A4F7556}") = "institution-api", "institution-api\institution-api.csproj", "{70AA8FFC-B204-473A-9A37-21DBFD41EA94}"
EndProject
Project("{FAE04EC0-301F-11D3-BF4B-00C04F79EFBC}") = "typewriter", "institution-api-typewriter\typewriter\typewriter.csproj", "{5E9C2533-FA77-4061-8453-17DE75EDE4DF}"
EndProject
Global
	GlobalSection(SolutionConfigurationPlatforms) = preSolution
		Debug|Any CPU = Debug|Any CPU
		Release|Any CPU = Release|Any CPU
	EndGlobalSection
	GlobalSection(ProjectConfigurationPlatforms) = postSolution
		{70AA8FFC-B204-473A-9A37-21DBFD41EA94}.Debug|Any CPU.ActiveCfg = Debug|Any CPU
		{70AA8FFC-B204-473A-9A37-21DBFD41EA94}.Debug|Any CPU.Build.0 = Debug|Any CPU
		{70AA8FFC-B204-473A-9A37-21DBFD41EA94}.Release|Any CPU.ActiveCfg = Release|Any CPU
		{70AA8FFC-B204-473A-9A37-21DBFD41EA94}.Release|Any CPU.Build.0 = Release|Any CPU
		{5E9C2533-FA77-4061-8453-17DE75EDE4DF}.Debug|Any CPU.ActiveCfg = typewriter|Any CPU
		{5E9C2533-FA77-4061-8453-17DE75EDE4DF}.Debug|Any CPU.Build.0 = typewriter|Any CPU
		{5E9C2533-FA77-4061-8453-17DE75EDE4DF}.Release|Any CPU.ActiveCfg = Release|Any CPU
		{5E9C2533-FA77-4061-8453-17DE75EDE4DF}.Release|Any CPU.Build.0 = Release|Any CPU
	EndGlobalSection
	GlobalSection(SolutionProperties) = preSolution
		HideSolutionNode = FALSE
	EndGlobalSection
	GlobalSection(ExtensibilityGlobals) = postSolution
		SolutionGuid = {EC0D7530-2B91-41EA-ADFE-8079554C90A0}
	EndGlobalSection
EndGlobal
